
Microsoft Visual Studio Solution File, Format Version 12.00
# Visual Studio Version 17
VisualStudioVersion = 17.2.32526.322
MinimumVisualStudioVersion = 10.0.40219.1
Project("{FAE04EC0-301F-11D3-BF4B-00C04F79EFBC}") = "EmployeeManagement_Api", "EmployeeManagement_Api.csproj", "{C0E37A5A-4101-4F69-9E96-FC5DB5A833C8}"
EndProject
Global
	GlobalSection(SolutionConfigurationPlatforms) = preSolution
		Debug|Any CPU = Debug|Any CPU
		Release|Any CPU = Release|Any CPU
	EndGlobalSection
	GlobalSection(ProjectConfigurationPlatforms) = postSolution
		{C0E37A5A-4101-4F69-9E96-FC5DB5A833C8}.Debug|Any CPU.ActiveCfg = Debug|Any CPU
		{C0E37A5A-4101-4F69-9E96-FC5DB5A833C8}.Debug|Any CPU.Build.0 = Debug|Any CPU
		{C0E37A5A-4101-4F69-9E96-FC5DB5A833C8}.Release|Any CPU.ActiveCfg = Release|Any CPU
		{C0E37A5A-4101-4F69-9E96-FC5DB5A833C8}.Release|Any CPU.Build.0 = Release|Any CPU
	EndGlobalSection
	GlobalSection(SolutionProperties) = preSolution
		HideSolutionNode = FALSE
	EndGlobalSection
	GlobalSection(ExtensibilityGlobals) = postSolution
		SolutionGuid = {D19DA65F-B834-47BC-8505-0DD2E601BC43}
	EndGlobalSection
EndGlobal
